
Microsoft Visual Studio Solution File, Format Version 12.00
Project("{FAE04EC0-301F-11D3-BF4B-00C04F79EFBC}") = "Erlc.Net.Core", "Erlc.Net.Core\Erlc.Net.Core.csproj", "{90470CB7-2048-4DBF-806A-3BDA393B721F}"
EndProject
Project("{FAE04EC0-301F-11D3-BF4B-00C04F79EFBC}") = "Erlc.Net.Extensions.Hosting", "Erlc.Net.Extensions.Hosting\Erlc.Net.Extensions.Hosting.csproj", "{49B58832-D69A-4859-AE0D-60219C40CF43}"
EndProject
Project("{FAE04EC0-301F-11D3-BF4B-00C04F79EFBC}") = "Erlc.Net.Tests", "Erlc.Net.Tests\Erlc.Net.Tests.csproj", "{ED61D2CF-0724-46D1-B13F-09CFEFA2CDD6}"
EndProject
Global
	GlobalSection(SolutionConfigurationPlatforms) = preSolution
		Debug|Any CPU = Debug|Any CPU
		Debug|x64 = Debug|x64
		Debug|x86 = Debug|x86
		Release|Any CPU = Release|Any CPU
		Release|x64 = Release|x64
		Release|x86 = Release|x86
	EndGlobalSection
	GlobalSection(ProjectConfigurationPlatforms) = postSolution
		{90470CB7-2048-4DBF-806A-3BDA393B721F}.Debug|Any CPU.ActiveCfg = Debug|Any CPU
		{90470CB7-2048-4DBF-806A-3BDA393B721F}.Debug|Any CPU.Build.0 = Debug|Any CPU
		{90470CB7-2048-4DBF-806A-3BDA393B721F}.Debug|x64.ActiveCfg = Debug|Any CPU
		{90470CB7-2048-4DBF-806A-3BDA393B721F}.Debug|x64.Build.0 = Debug|Any CPU
		{90470CB7-2048-4DBF-806A-3BDA393B721F}.Debug|x86.ActiveCfg = Debug|Any CPU
		{90470CB7-2048-4DBF-806A-3BDA393B721F}.Debug|x86.Build.0 = Debug|Any CPU
		{90470CB7-2048-4DBF-806A-3BDA393B721F}.Release|Any CPU.ActiveCfg = Release|Any CPU
		{90470CB7-2048-4DBF-806A-3BDA393B721F}.Release|Any CPU.Build.0 = Release|Any CPU
		{90470CB7-2048-4DBF-806A-3BDA393B721F}.Release|x64.ActiveCfg = Release|Any CPU
		{90470CB7-2048-4DBF-806A-3BDA393B721F}.Release|x64.Build.0 = Release|Any CPU
		{90470CB7-2048-4DBF-806A-3BDA393B721F}.Release|x86.ActiveCfg = Release|Any CPU
		{90470CB7-2048-4DBF-806A-3BDA393B721F}.Release|x86.Build.0 = Release|Any CPU
		{49B58832-D69A-4859-AE0D-60219C40CF43}.Debug|Any CPU.ActiveCfg = Debug|Any CPU
		{49B58832-D69A-4859-AE0D-60219C40CF43}.Debug|Any CPU.Build.0 = Debug|Any CPU
		{49B58832-D69A-4859-AE0D-60219C40CF43}.Debug|x64.ActiveCfg = Debug|Any CPU
		{49B58832-D69A-4859-AE0D-60219C40CF43}.Debug|x64.Build.0 = Debug|Any CPU
		{49B58832-D69A-4859-AE0D-60219C40CF43}.Debug|x86.ActiveCfg = Debug|Any CPU
		{49B58832-D69A-4859-AE0D-60219C40CF43}.Debug|x86.Build.0 = Debug|Any CPU
		{49B58832-D69A-4859-AE0D-60219C40CF43}.Release|Any CPU.ActiveCfg = Release|Any CPU
		{49B58832-D69A-4859-AE0D-60219C40CF43}.Release|Any CPU.Build.0 = Release|Any CPU
		{49B58832-D69A-4859-AE0D-60219C40CF43}.Release|x64.ActiveCfg = Release|Any CPU
		{49B58832-D69A-4859-AE0D-60219C40CF43}.Release|x64.Build.0 = Release|Any CPU
		{49B58832-D69A-4859-AE0D-60219C40CF43}.Release|x86.ActiveCfg = Release|Any CPU
		{49B58832-D69A-4859-AE0D-60219C40CF43}.Release|x86.Build.0 = Release|Any CPU
		{ED61D2CF-0724-46D1-B13F-09CFEFA2CDD6}.Debug|Any CPU.ActiveCfg = Debug|Any CPU
		{ED61D2CF-0724-46D1-B13F-09CFEFA2CDD6}.Debug|Any CPU.Build.0 = Debug|Any CPU
		{ED61D2CF-0724-46D1-B13F-09CFEFA2CDD6}.Debug|x64.ActiveCfg = Debug|Any CPU
		{ED61D2CF-0724-46D1-B13F-09CFEFA2CDD6}.Debug|x64.Build.0 = Debug|Any CPU
		{ED61D2CF-0724-46D1-B13F-09CFEFA2CDD6}.Debug|x86.ActiveCfg = Debug|Any CPU
		{ED61D2CF-0724-46D1-B13F-09CFEFA2CDD6}.Debug|x86.Build.0 = Debug|Any CPU
		{ED61D2CF-0724-46D1-B13F-09CFEFA2CDD6}.Release|Any CPU.ActiveCfg = Release|Any CPU
		{ED61D2CF-0724-46D1-B13F-09CFEFA2CDD6}.Release|Any CPU.Build.0 = Release|Any CPU
		{ED61D2CF-0724-46D1-B13F-09CFEFA2CDD6}.Release|x64.ActiveCfg = Release|Any CPU
		{ED61D2CF-0724-46D1-B13F-09CFEFA2CDD6}.Release|x64.Build.0 = Release|Any CPU
		{ED61D2CF-0724-46D1-B13F-09CFEFA2CDD6}.Release|x86.ActiveCfg = Release|Any CPU
		{ED61D2CF-0724-46D1-B13F-09CFEFA2CDD6}.Release|x86.Build.0 = Release|Any CPU
	EndGlobalSection
	GlobalSection(SolutionProperties) = preSolution
		HideSolutionNode = FALSE
	EndGlobalSection
EndGlobal
